
Microsoft Visual Studio Solution File, Format Version 12.00
# Visual Studio Version 17
VisualStudioVersion = 17.10.35122.118
MinimumVisualStudioVersion = 10.0.40219.1
Project("{9A19103F-16F7-4668-BE54-9A1E7A4F7556}") = "Ejercicio1", "Ejercicio1\Ejercicio1.csproj", "{B1A8BD08-C9F6-4F89-A98E-1CDABFCCF7E0}"
EndProject
Project("{9A19103F-16F7-4668-BE54-9A1E7A4F7556}") = "Ejercicio2", "Ejercicio2\Ejercicio2.csproj", "{D387678A-22B7-405A-BCDE-F8D533699A18}"
EndProject
Project("{9A19103F-16F7-4668-BE54-9A1E7A4F7556}") = "Ejercicio3", "Ejercicio3\Ejercicio3.csproj", "{59EA0F27-8BB3-45F9-A05E-08CF6CCBBA2D}"
EndProject
Project("{9A19103F-16F7-4668-BE54-9A1E7A4F7556}") = "Ejercicio4", "Ejercicio4\Ejercicio4.csproj", "{22C7D192-9CE3-494A-9B8A-265E1BB4D73E}"
EndProject
Project("{9A19103F-16F7-4668-BE54-9A1E7A4F7556}") = "Ejercicio5", "Ejercicio5\Ejercicio5.csproj", "{04474D9E-C046-45F3-B404-172C069CED8D}"
EndProject
Project("{FAE04EC0-301F-11D3-BF4B-00C04F79EFBC}") = "Ejercicio6", "Ejercicio6\Ejercicio6.csproj", "{C8C17E26-2C80-4B8F-935B-EA6BF891A182}"
EndProject
Project("{FAE04EC0-301F-11D3-BF4B-00C04F79EFBC}") = "Ejercicio7", "Ejercicio7\Ejercicio7.csproj", "{C606FF5B-D9AB-4B03-A2E2-4D36A7BAC05E}"
EndProject
Project("{FAE04EC0-301F-11D3-BF4B-00C04F79EFBC}") = "Ejercicio8", "Ejercicio8\Ejercicio8.csproj", "{4C7D8759-F621-4F56-95C5-DB163078D6BF}"
EndProject
Project("{FAE04EC0-301F-11D3-BF4B-00C04F79EFBC}") = "Ejercicio9", "Ejercicio9\Ejercicio9.csproj", "{EBB08A6F-B42C-4187-B170-7C9AE39820F8}"
EndProject
Project("{FAE04EC0-301F-11D3-BF4B-00C04F79EFBC}") = "Ejercicio10", "Ejercicio10\Ejercicio10.csproj", "{05E49745-39AC-444B-8205-FEFF8D970025}"
EndProject
Global
	GlobalSection(SolutionConfigurationPlatforms) = preSolution
		Debug|Any CPU = Debug|Any CPU
		Release|Any CPU = Release|Any CPU
	EndGlobalSection
	GlobalSection(ProjectConfigurationPlatforms) = postSolution
		{B1A8BD08-C9F6-4F89-A98E-1CDABFCCF7E0}.Debug|Any CPU.ActiveCfg = Debug|Any CPU
		{B1A8BD08-C9F6-4F89-A98E-1CDABFCCF7E0}.Debug|Any CPU.Build.0 = Debug|Any CPU
		{B1A8BD08-C9F6-4F89-A98E-1CDABFCCF7E0}.Release|Any CPU.ActiveCfg = Release|Any CPU
		{B1A8BD08-C9F6-4F89-A98E-1CDABFCCF7E0}.Release|Any CPU.Build.0 = Release|Any CPU
		{D387678A-22B7-405A-BCDE-F8D533699A18}.Debug|Any CPU.ActiveCfg = Debug|Any CPU
		{D387678A-22B7-405A-BCDE-F8D533699A18}.Debug|Any CPU.Build.0 = Debug|Any CPU
		{D387678A-22B7-405A-BCDE-F8D533699A18}.Release|Any CPU.ActiveCfg = Release|Any CPU
		{D387678A-22B7-405A-BCDE-F8D533699A18}.Release|Any CPU.Build.0 = Release|Any CPU
		{59EA0F27-8BB3-45F9-A05E-08CF6CCBBA2D}.Debug|Any CPU.ActiveCfg = Debug|Any CPU
		{59EA0F27-8BB3-45F9-A05E-08CF6CCBBA2D}.Debug|Any CPU.Build.0 = Debug|Any CPU
		{59EA0F27-8BB3-45F9-A05E-08CF6CCBBA2D}.Release|Any CPU.ActiveCfg = Release|Any CPU
		{59EA0F27-8BB3-45F9-A05E-08CF6CCBBA2D}.Release|Any CPU.Build.0 = Release|Any CPU
		{22C7D192-9CE3-494A-9B8A-265E1BB4D73E}.Debug|Any CPU.ActiveCfg = Debug|Any CPU
		{22C7D192-9CE3-494A-9B8A-265E1BB4D73E}.Debug|Any CPU.Build.0 = Debug|Any CPU
		{22C7D192-9CE3-494A-9B8A-265E1BB4D73E}.Release|Any CPU.ActiveCfg = Release|Any CPU
		{22C7D192-9CE3-494A-9B8A-265E1BB4D73E}.Release|Any CPU.Build.0 = Release|Any CPU
		{04474D9E-C046-45F3-B404-172C069CED8D}.Debug|Any CPU.ActiveCfg = Debug|Any CPU
		{04474D9E-C046-45F3-B404-172C069CED8D}.Debug|Any CPU.Build.0 = Debug|Any CPU
		{04474D9E-C046-45F3-B404-172C069CED8D}.Release|Any CPU.ActiveCfg = Release|Any CPU
		{04474D9E-C046-45F3-B404-172C069CED8D}.Release|Any CPU.Build.0 = Release|Any CPU
		{C8C17E26-2C80-4B8F-935B-EA6BF891A182}.Debug|Any CPU.ActiveCfg = Debug|Any CPU
		{C8C17E26-2C80-4B8F-935B-EA6BF891A182}.Debug|Any CPU.Build.0 = Debug|Any CPU
		{C8C17E26-2C80-4B8F-935B-EA6BF891A182}.Release|Any CPU.ActiveCfg = Release|Any CPU
		{C8C17E26-2C80-4B8F-935B-EA6BF891A182}.Release|Any CPU.Build.0 = Release|Any CPU
		{C606FF5B-D9AB-4B03-A2E2-4D36A7BAC05E}.Debug|Any CPU.ActiveCfg = Debug|Any CPU
		{C606FF5B-D9AB-4B03-A2E2-4D36A7BAC05E}.Debug|Any CPU.Build.0 = Debug|Any CPU
		{C606FF5B-D9AB-4B03-A2E2-4D36A7BAC05E}.Release|Any CPU.ActiveCfg = Release|Any CPU
		{C606FF5B-D9AB-4B03-A2E2-4D36A7BAC05E}.Release|Any CPU.Build.0 = Release|Any CPU
		{4C7D8759-F621-4F56-95C5-DB163078D6BF}.Debug|Any CPU.ActiveCfg = Debug|Any CPU
		{4C7D8759-F621-4F56-95C5-DB163078D6BF}.Debug|Any CPU.Build.0 = Debug|Any CPU
		{4C7D8759-F621-4F56-95C5-DB163078D6BF}.Release|Any CPU.ActiveCfg = Release|Any CPU
		{4C7D8759-F621-4F56-95C5-DB163078D6BF}.Release|Any CPU.Build.0 = Release|Any CPU
		{EBB08A6F-B42C-4187-B170-7C9AE39820F8}.Debug|Any CPU.ActiveCfg = Debug|Any CPU
		{EBB08A6F-B42C-4187-B170-7C9AE39820F8}.Debug|Any CPU.Build.0 = Debug|Any CPU
		{EBB08A6F-B42C-4187-B170-7C9AE39820F8}.Release|Any CPU.ActiveCfg = Release|Any CPU
		{EBB08A6F-B42C-4187-B170-7C9AE39820F8}.Release|Any CPU.Build.0 = Release|Any CPU
		{05E49745-39AC-444B-8205-FEFF8D970025}.Debug|Any CPU.ActiveCfg = Debug|Any CPU
		{05E49745-39AC-444B-8205-FEFF8D970025}.Debug|Any CPU.Build.0 = Debug|Any CPU
		{05E49745-39AC-444B-8205-FEFF8D970025}.Release|Any CPU.ActiveCfg = Release|Any CPU
		{05E49745-39AC-444B-8205-FEFF8D970025}.Release|Any CPU.Build.0 = Release|Any CPU
	EndGlobalSection
	GlobalSection(SolutionProperties) = preSolution
		HideSolutionNode = FALSE
	EndGlobalSection
	GlobalSection(ExtensibilityGlobals) = postSolution
		SolutionGuid = {730464BC-8878-4259-A5CE-70DEEE6B9AA6}
	EndGlobalSection
EndGlobal
