
Microsoft Visual Studio Solution File, Format Version 12.00
# Visual Studio Version 17
VisualStudioVersion = 17.10.35122.118
MinimumVisualStudioVersion = 10.0.40219.1
Project("{9A19103F-16F7-4668-BE54-9A1E7A4F7556}") = "ListaSE", "ListaSE\ListaSE.csproj", "{E8221A8F-85A3-4E75-A679-609F1F03D4F3}"
EndProject
Project("{9A19103F-16F7-4668-BE54-9A1E7A4F7556}") = "TorresHanoi", "TorresHanoi\TorresHanoi.csproj", "{63353B55-D5E5-4197-A6E7-20B14A226F84}"
EndProject
Project("{9A19103F-16F7-4668-BE54-9A1E7A4F7556}") = "PilaBase", "PilaBase\PilaBase.csproj", "{71B4BA36-9F4F-406D-8439-DC793896702F}"
EndProject
Project("{9A19103F-16F7-4668-BE54-9A1E7A4F7556}") = "InvertirNumero", "InvertirNumero\InvertirNumero.csproj", "{901399CD-CD7C-4FFC-9192-52400E224635}"
EndProject
Project("{9A19103F-16F7-4668-BE54-9A1E7A4F7556}") = "InvertirPalabra", "InvertirPalabra\InvertirPalabra.csproj", "{3616BB81-50AC-43D6-83FF-D4D9940DC007}"
EndProject
Project("{9A19103F-16F7-4668-BE54-9A1E7A4F7556}") = "PilaParesImpares", "PilaParesImpares\PilaParesImpares.csproj", "{811E32E7-54D8-430B-BB45-67F2FF56430F}"
EndProject
Project("{9A19103F-16F7-4668-BE54-9A1E7A4F7556}") = "ColaBase", "ColaBase\ColaBase.csproj", "{6C685153-CD52-4F2B-927B-52C25F177412}"
EndProject
Project("{9A19103F-16F7-4668-BE54-9A1E7A4F7556}") = "EjerciciosOperPrimitivasPila", "EjerciciosOperPrimitivasPila\EjerciciosOperPrimitivasPila.csproj", "{82F07E16-C977-48C4-A4B4-B6D750781A85}"
EndProject
Project("{9A19103F-16F7-4668-BE54-9A1E7A4F7556}") = "ClientesCobro", "ClientesCobro\ClientesCobro.csproj", "{AC7A98B6-6FFA-42AA-8D9D-3E94286E25E5}"
EndProject
Project("{9A19103F-16F7-4668-BE54-9A1E7A4F7556}") = "Impresora", "Impresora\Impresora.csproj", "{748D6A7E-F5DD-43E2-B81D-4331C6248794}"
EndProject
Project("{FAE04EC0-301F-11D3-BF4B-00C04F79EFBC}") = "ListaDE", "ListaDE\ListaDE.csproj", "{82020266-BE2E-460C-9657-61BDE34DA726}"
EndProject
Project("{FAE04EC0-301F-11D3-BF4B-00C04F79EFBC}") = "ListaSEC", "ListaSEC\ListaSEC.csproj", "{D68CCC3F-4A5F-4837-8336-1F6B1CD6B9B6}"
EndProject
Global
	GlobalSection(SolutionConfigurationPlatforms) = preSolution
		Debug|Any CPU = Debug|Any CPU
		Release|Any CPU = Release|Any CPU
	EndGlobalSection
	GlobalSection(ProjectConfigurationPlatforms) = postSolution
		{E8221A8F-85A3-4E75-A679-609F1F03D4F3}.Debug|Any CPU.ActiveCfg = Debug|Any CPU
		{E8221A8F-85A3-4E75-A679-609F1F03D4F3}.Debug|Any CPU.Build.0 = Debug|Any CPU
		{E8221A8F-85A3-4E75-A679-609F1F03D4F3}.Release|Any CPU.ActiveCfg = Release|Any CPU
		{E8221A8F-85A3-4E75-A679-609F1F03D4F3}.Release|Any CPU.Build.0 = Release|Any CPU
		{63353B55-D5E5-4197-A6E7-20B14A226F84}.Debug|Any CPU.ActiveCfg = Debug|Any CPU
		{63353B55-D5E5-4197-A6E7-20B14A226F84}.Debug|Any CPU.Build.0 = Debug|Any CPU
		{63353B55-D5E5-4197-A6E7-20B14A226F84}.Release|Any CPU.ActiveCfg = Release|Any CPU
		{63353B55-D5E5-4197-A6E7-20B14A226F84}.Release|Any CPU.Build.0 = Release|Any CPU
		{71B4BA36-9F4F-406D-8439-DC793896702F}.Debug|Any CPU.ActiveCfg = Debug|Any CPU
		{71B4BA36-9F4F-406D-8439-DC793896702F}.Debug|Any CPU.Build.0 = Debug|Any CPU
		{71B4BA36-9F4F-406D-8439-DC793896702F}.Release|Any CPU.ActiveCfg = Release|Any CPU
		{71B4BA36-9F4F-406D-8439-DC793896702F}.Release|Any CPU.Build.0 = Release|Any CPU
		{901399CD-CD7C-4FFC-9192-52400E224635}.Debug|Any CPU.ActiveCfg = Debug|Any CPU
		{901399CD-CD7C-4FFC-9192-52400E224635}.Debug|Any CPU.Build.0 = Debug|Any CPU
		{901399CD-CD7C-4FFC-9192-52400E224635}.Release|Any CPU.ActiveCfg = Release|Any CPU
		{901399CD-CD7C-4FFC-9192-52400E224635}.Release|Any CPU.Build.0 = Release|Any CPU
		{3616BB81-50AC-43D6-83FF-D4D9940DC007}.Debug|Any CPU.ActiveCfg = Debug|Any CPU
		{3616BB81-50AC-43D6-83FF-D4D9940DC007}.Debug|Any CPU.Build.0 = Debug|Any CPU
		{3616BB81-50AC-43D6-83FF-D4D9940DC007}.Release|Any CPU.ActiveCfg = Release|Any CPU
		{3616BB81-50AC-43D6-83FF-D4D9940DC007}.Release|Any CPU.Build.0 = Release|Any CPU
		{811E32E7-54D8-430B-BB45-67F2FF56430F}.Debug|Any CPU.ActiveCfg = Debug|Any CPU
		{811E32E7-54D8-430B-BB45-67F2FF56430F}.Debug|Any CPU.Build.0 = Debug|Any CPU
		{811E32E7-54D8-430B-BB45-67F2FF56430F}.Release|Any CPU.ActiveCfg = Release|Any CPU
		{811E32E7-54D8-430B-BB45-67F2FF56430F}.Release|Any CPU.Build.0 = Release|Any CPU
		{6C685153-CD52-4F2B-927B-52C25F177412}.Debug|Any CPU.ActiveCfg = Debug|Any CPU
		{6C685153-CD52-4F2B-927B-52C25F177412}.Debug|Any CPU.Build.0 = Debug|Any CPU
		{6C685153-CD52-4F2B-927B-52C25F177412}.Release|Any CPU.ActiveCfg = Release|Any CPU
		{6C685153-CD52-4F2B-927B-52C25F177412}.Release|Any CPU.Build.0 = Release|Any CPU
		{82F07E16-C977-48C4-A4B4-B6D750781A85}.Debug|Any CPU.ActiveCfg = Debug|Any CPU
		{82F07E16-C977-48C4-A4B4-B6D750781A85}.Debug|Any CPU.Build.0 = Debug|Any CPU
		{82F07E16-C977-48C4-A4B4-B6D750781A85}.Release|Any CPU.ActiveCfg = Release|Any CPU
		{82F07E16-C977-48C4-A4B4-B6D750781A85}.Release|Any CPU.Build.0 = Release|Any CPU
		{AC7A98B6-6FFA-42AA-8D9D-3E94286E25E5}.Debug|Any CPU.ActiveCfg = Debug|Any CPU
		{AC7A98B6-6FFA-42AA-8D9D-3E94286E25E5}.Debug|Any CPU.Build.0 = Debug|Any CPU
		{AC7A98B6-6FFA-42AA-8D9D-3E94286E25E5}.Release|Any CPU.ActiveCfg = Release|Any CPU
		{AC7A98B6-6FFA-42AA-8D9D-3E94286E25E5}.Release|Any CPU.Build.0 = Release|Any CPU
		{748D6A7E-F5DD-43E2-B81D-4331C6248794}.Debug|Any CPU.ActiveCfg = Debug|Any CPU
		{748D6A7E-F5DD-43E2-B81D-4331C6248794}.Debug|Any CPU.Build.0 = Debug|Any CPU
		{748D6A7E-F5DD-43E2-B81D-4331C6248794}.Release|Any CPU.ActiveCfg = Release|Any CPU
		{748D6A7E-F5DD-43E2-B81D-4331C6248794}.Release|Any CPU.Build.0 = Release|Any CPU
		{82020266-BE2E-460C-9657-61BDE34DA726}.Debug|Any CPU.ActiveCfg = Debug|Any CPU
		{82020266-BE2E-460C-9657-61BDE34DA726}.Debug|Any CPU.Build.0 = Debug|Any CPU
		{82020266-BE2E-460C-9657-61BDE34DA726}.Release|Any CPU.ActiveCfg = Release|Any CPU
		{82020266-BE2E-460C-9657-61BDE34DA726}.Release|Any CPU.Build.0 = Release|Any CPU
		{D68CCC3F-4A5F-4837-8336-1F6B1CD6B9B6}.Debug|Any CPU.ActiveCfg = Debug|Any CPU
		{D68CCC3F-4A5F-4837-8336-1F6B1CD6B9B6}.Debug|Any CPU.Build.0 = Debug|Any CPU
		{D68CCC3F-4A5F-4837-8336-1F6B1CD6B9B6}.Release|Any CPU.ActiveCfg = Release|Any CPU
		{D68CCC3F-4A5F-4837-8336-1F6B1CD6B9B6}.Release|Any CPU.Build.0 = Release|Any CPU
	EndGlobalSection
	GlobalSection(SolutionProperties) = preSolution
		HideSolutionNode = FALSE
	EndGlobalSection
	GlobalSection(ExtensibilityGlobals) = postSolution
		SolutionGuid = {CF963BAF-C227-402B-BEB4-CDDBFEE5375C}
	EndGlobalSection
EndGlobal
