
Microsoft Visual Studio Solution File, Format Version 12.00
# Visual Studio Version 17
VisualStudioVersion = 17.11.35327.3
MinimumVisualStudioVersion = 10.0.40219.1
Project("{9A19103F-16F7-4668-BE54-9A1E7A4F7556}") = "EjReflection1y2", "EjReflection1\EjReflection1y2.csproj", "{26A1AD58-7238-4BC9-8AC8-1ECE93E3C4CE}"
EndProject
Project("{9A19103F-16F7-4668-BE54-9A1E7A4F7556}") = "EjReflection3", "EjReflection2\EjReflection3.csproj", "{ED842F4C-ED8A-4FE4-9F28-144DC926E1A9}"
EndProject
Project("{FAE04EC0-301F-11D3-BF4B-00C04F79EFBC}") = "EjSubProcesamiento5", "EjSubProcesamiento5\EjSubProcesamiento5.csproj", "{4E36B1CD-95A8-452F-99B6-17F7153E9E48}"
EndProject
Global
	GlobalSection(SolutionConfigurationPlatforms) = preSolution
		Debug|Any CPU = Debug|Any CPU
		Release|Any CPU = Release|Any CPU
	EndGlobalSection
	GlobalSection(ProjectConfigurationPlatforms) = postSolution
		{26A1AD58-7238-4BC9-8AC8-1ECE93E3C4CE}.Debug|Any CPU.ActiveCfg = Debug|Any CPU
		{26A1AD58-7238-4BC9-8AC8-1ECE93E3C4CE}.Debug|Any CPU.Build.0 = Debug|Any CPU
		{26A1AD58-7238-4BC9-8AC8-1ECE93E3C4CE}.Release|Any CPU.ActiveCfg = Release|Any CPU
		{26A1AD58-7238-4BC9-8AC8-1ECE93E3C4CE}.Release|Any CPU.Build.0 = Release|Any CPU
		{ED842F4C-ED8A-4FE4-9F28-144DC926E1A9}.Debug|Any CPU.ActiveCfg = Debug|Any CPU
		{ED842F4C-ED8A-4FE4-9F28-144DC926E1A9}.Debug|Any CPU.Build.0 = Debug|Any CPU
		{ED842F4C-ED8A-4FE4-9F28-144DC926E1A9}.Release|Any CPU.ActiveCfg = Release|Any CPU
		{ED842F4C-ED8A-4FE4-9F28-144DC926E1A9}.Release|Any CPU.Build.0 = Release|Any CPU
		{4E36B1CD-95A8-452F-99B6-17F7153E9E48}.Debug|Any CPU.ActiveCfg = Debug|Any CPU
		{4E36B1CD-95A8-452F-99B6-17F7153E9E48}.Debug|Any CPU.Build.0 = Debug|Any CPU
		{4E36B1CD-95A8-452F-99B6-17F7153E9E48}.Release|Any CPU.ActiveCfg = Release|Any CPU
		{4E36B1CD-95A8-452F-99B6-17F7153E9E48}.Release|Any CPU.Build.0 = Release|Any CPU
	EndGlobalSection
	GlobalSection(SolutionProperties) = preSolution
		HideSolutionNode = FALSE
	EndGlobalSection
	GlobalSection(ExtensibilityGlobals) = postSolution
		SolutionGuid = {564D4F2E-BC2E-4B09-B2C7-5A6A4279C9B4}
	EndGlobalSection
EndGlobal
